
Microsoft Visual Studio Solution File, Format Version 12.00
# Visual Studio 2012
Project("{FAE04EC0-301F-11D3-BF4B-00C04F79EFBC}") = "Arkitektum.Kartverket.MetadataMonitor", "Arkitektum.Kartverket.MetadataMonitor\Arkitektum.Kartverket.MetadataMonitor.csproj", "{2C2ABF5A-FCF5-4CA7-B127-7ED93F515EC9}"
EndProject
Project("{FAE04EC0-301F-11D3-BF4B-00C04F79EFBC}") = "Arkitektum.Kartverket.MetadataMonitor.Tests", "Arkitektum.Kartverket.MetadataMonitor.Tests\Arkitektum.Kartverket.MetadataMonitor.Tests.csproj", "{1F105DC4-0B40-4683-9A18-24E24D6AD3BB}"
EndProject
Project("{CC5FD16D-436D-48AD-A40C-5A424C6E3E79}") = "Arkitektum.Kartverket.AzureMetadataMonitor", "Arkitektum.Kartverket.AzureMetadataValidator\Arkitektum.Kartverket.AzureMetadataMonitor.ccproj", "{39BBCD72-3D7E-45FC-B513-EC4FF2F3972E}"
EndProject
Project("{FAE04EC0-301F-11D3-BF4B-00C04F79EFBC}") = "Arkitektum.Kartverket.MetadataValidator", "Arkitektum.Kartverket.MetadataValidator\Arkitektum.Kartverket.MetadataValidator.csproj", "{A3457A4D-6844-48B1-96A2-1AA89FDD50A0}"
EndProject
Project("{FAE04EC0-301F-11D3-BF4B-00C04F79EFBC}") = "Arkitektum.Kartverket.MetadataCore", "Arkitektum.Kartverket.MetadataCore\Arkitektum.Kartverket.MetadataCore.csproj", "{BD41F9D8-8000-4976-9021-99BD6984F02E}"
EndProject
Global
	GlobalSection(SolutionConfigurationPlatforms) = preSolution
		Debug|Any CPU = Debug|Any CPU
		Release|Any CPU = Release|Any CPU
	EndGlobalSection
	GlobalSection(ProjectConfigurationPlatforms) = postSolution
		{2C2ABF5A-FCF5-4CA7-B127-7ED93F515EC9}.Debug|Any CPU.ActiveCfg = Debug|Any CPU
		{2C2ABF5A-FCF5-4CA7-B127-7ED93F515EC9}.Debug|Any CPU.Build.0 = Debug|Any CPU
		{2C2ABF5A-FCF5-4CA7-B127-7ED93F515EC9}.Release|Any CPU.ActiveCfg = Release|Any CPU
		{2C2ABF5A-FCF5-4CA7-B127-7ED93F515EC9}.Release|Any CPU.Build.0 = Release|Any CPU
		{1F105DC4-0B40-4683-9A18-24E24D6AD3BB}.Debug|Any CPU.ActiveCfg = Debug|Any CPU
		{1F105DC4-0B40-4683-9A18-24E24D6AD3BB}.Debug|Any CPU.Build.0 = Debug|Any CPU
		{1F105DC4-0B40-4683-9A18-24E24D6AD3BB}.Release|Any CPU.ActiveCfg = Release|Any CPU
		{1F105DC4-0B40-4683-9A18-24E24D6AD3BB}.Release|Any CPU.Build.0 = Release|Any CPU
		{39BBCD72-3D7E-45FC-B513-EC4FF2F3972E}.Debug|Any CPU.ActiveCfg = Debug|Any CPU
		{39BBCD72-3D7E-45FC-B513-EC4FF2F3972E}.Debug|Any CPU.Build.0 = Debug|Any CPU
		{39BBCD72-3D7E-45FC-B513-EC4FF2F3972E}.Release|Any CPU.ActiveCfg = Release|Any CPU
		{39BBCD72-3D7E-45FC-B513-EC4FF2F3972E}.Release|Any CPU.Build.0 = Release|Any CPU
		{A3457A4D-6844-48B1-96A2-1AA89FDD50A0}.Debug|Any CPU.ActiveCfg = Debug|Any CPU
		{A3457A4D-6844-48B1-96A2-1AA89FDD50A0}.Debug|Any CPU.Build.0 = Debug|Any CPU
		{A3457A4D-6844-48B1-96A2-1AA89FDD50A0}.Release|Any CPU.ActiveCfg = Release|Any CPU
		{A3457A4D-6844-48B1-96A2-1AA89FDD50A0}.Release|Any CPU.Build.0 = Release|Any CPU
		{BD41F9D8-8000-4976-9021-99BD6984F02E}.Debug|Any CPU.ActiveCfg = Debug|Any CPU
		{BD41F9D8-8000-4976-9021-99BD6984F02E}.Debug|Any CPU.Build.0 = Debug|Any CPU
		{BD41F9D8-8000-4976-9021-99BD6984F02E}.Release|Any CPU.ActiveCfg = Release|Any CPU
		{BD41F9D8-8000-4976-9021-99BD6984F02E}.Release|Any CPU.Build.0 = Release|Any CPU
	EndGlobalSection
	GlobalSection(SolutionProperties) = preSolution
		HideSolutionNode = FALSE
	EndGlobalSection
EndGlobal
